
Microsoft Visual Studio Solution File, Format Version 12.00
# Visual Studio 2012
Project("{FAE04EC0-301F-11D3-BF4B-00C04F79EFBC}") = "Readpublic", "Readpublic\Readpublic.csproj", "{128ADBE0-23A7-44B1-936F-5F15C0DBC114}"
EndProject
Project("{FAE04EC0-301F-11D3-BF4B-00C04F79EFBC}") = "Readpublic.Business", "Readpublic.Business\Readpublic.Business.csproj", "{0594175A-41C7-40A7-94C5-5164A3567562}"
EndProject
Project("{FAE04EC0-301F-11D3-BF4B-00C04F79EFBC}") = "Readpublic.Repository", "Readpublic.Repository\Readpublic.Repository.csproj", "{4CCDD924-3B1B-4A9A-A697-A76011D73B9F}"
EndProject
Global
	GlobalSection(SolutionConfigurationPlatforms) = preSolution
		Debug|Any CPU = Debug|Any CPU
		Release|Any CPU = Release|Any CPU
	EndGlobalSection
	GlobalSection(ProjectConfigurationPlatforms) = postSolution
		{128ADBE0-23A7-44B1-936F-5F15C0DBC114}.Debug|Any CPU.ActiveCfg = Debug|Any CPU
		{128ADBE0-23A7-44B1-936F-5F15C0DBC114}.Debug|Any CPU.Build.0 = Debug|Any CPU
		{128ADBE0-23A7-44B1-936F-5F15C0DBC114}.Release|Any CPU.ActiveCfg = Release|Any CPU
		{128ADBE0-23A7-44B1-936F-5F15C0DBC114}.Release|Any CPU.Build.0 = Release|Any CPU
		{0594175A-41C7-40A7-94C5-5164A3567562}.Debug|Any CPU.ActiveCfg = Debug|Any CPU
		{0594175A-41C7-40A7-94C5-5164A3567562}.Debug|Any CPU.Build.0 = Debug|Any CPU
		{0594175A-41C7-40A7-94C5-5164A3567562}.Release|Any CPU.ActiveCfg = Release|Any CPU
		{0594175A-41C7-40A7-94C5-5164A3567562}.Release|Any CPU.Build.0 = Release|Any CPU
		{4CCDD924-3B1B-4A9A-A697-A76011D73B9F}.Debug|Any CPU.ActiveCfg = Debug|Any CPU
		{4CCDD924-3B1B-4A9A-A697-A76011D73B9F}.Debug|Any CPU.Build.0 = Debug|Any CPU
		{4CCDD924-3B1B-4A9A-A697-A76011D73B9F}.Release|Any CPU.ActiveCfg = Release|Any CPU
		{4CCDD924-3B1B-4A9A-A697-A76011D73B9F}.Release|Any CPU.Build.0 = Release|Any CPU
	EndGlobalSection
	GlobalSection(SolutionProperties) = preSolution
		HideSolutionNode = FALSE
	EndGlobalSection
EndGlobal
